{
  "version": 4,
  "terraform_version": "1.5.7",
  "serial": 5,
  "lineage": "ab4b27c3-0f61-44bd-66a3-014026364e65",
  "outputs": {},
  "resources": [
    {
      "mode": "managed",
      "type": "local_file",
      "name": "demo",
      "provider": "provider[\"registry.terraform.io/hashicorp/local\"]",
      "instances": [
        {
          "schema_version": 0,
          "attributes": {
            "content": "Hello terraform123",
            "content_base64": null,
            "content_base64sha256": "c1BwO2beQ24Eg7FF2Y6/n63oubUIZylfosvn9n1ceN0=",
            "content_base64sha512": "5TwK1+mldSUX7IIbSXVtOzcvISfSMJ1gLNtNf0H3XNoPR4KaDLtASJoi4owH/sJiwCqtxyLEEfPASegdFKJwEQ==",
            "content_md5": "eae7b2cce6d5a21835ff99a1f56ceb3d",
            "content_sha1": "04ae828a285c10629b6a0d3ea2b706ae92b506cc",
            "content_sha256": "7350703b66de436e0483b145d98ebf9fade8b9b50867295fa2cbe7f67d5c78dd",
            "content_sha512": "e53c0ad7e9a5752517ec821b49756d3b372f2127d2309d602cdb4d7f41f75cda0f47829a0cbb40489a22e28c07fec262c02aadc722c411f3c049e81d14a27011",
            "directory_permission": "0777",
            "file_permission": "0777",
            "filename": "hello.txt",
            "id": "04ae828a285c10629b6a0d3ea2b706ae92b506cc",
            "sensitive_content": null,
            "source": null
          },
          "sensitive_attributes": []
        }
      ]
    }
  ],
  "check_results": null
}
