{
  "version": 4,
  "terraform_version": "1.5.7",
  "serial": 8,
  "lineage": "bb745ad4-0269-825a-fd04-7a2a2865fbbb",
  "outputs": {
    "username": {
      "value": "Srilekha",
      "type": "string"
    }
  },
  "resources": [
    {
      "mode": "managed",
      "type": "local_file",
      "name": "demo",
      "provider": "provider[\"registry.terraform.io/hashicorp/local\"]",
      "instances": [
        {
          "schema_version": 0,
          "attributes": {
            "content": "Hello Srilekha",
            "content_base64": null,
            "content_base64sha256": "r58jTssQCVSH7/jW5AgvxYNtWGglEa4h/TrPC7hHFI8=",
            "content_base64sha512": "KCjJ/xlz5zL8WuuF+354UORLv1i9cT4b+9Aaw4la29HA+D4RMvx0BCvZUSZZ8OdT7oQT+pMy1IafG1QDtWd2WQ==",
            "content_md5": "9ca5cd479a197e535fd886c1cff9db2d",
            "content_sha1": "37a1174f43b3fd8221ee99839b0065c6bfc7c27e",
            "content_sha256": "af9f234ecb10095487eff8d6e4082fc5836d58682511ae21fd3acf0bb847148f",
            "content_sha512": "2828c9ff1973e732fc5aeb85fb7e7850e44bbf58bd713e1bfbd01ac3895adbd1c0f83e1132fc74042bd9512659f0e753ee8413fa9332d4869f1b5403b5677659",
            "directory_permission": "0777",
            "file_permission": "0777",
            "filename": "hello.txt1",
            "id": "37a1174f43b3fd8221ee99839b0065c6bfc7c27e",
            "sensitive_content": null,
            "source": null
          },
          "sensitive_attributes": []
        }
      ]
    }
  ],
  "check_results": null
}
